
Microsoft Visual Studio Solution File, Format Version 12.00
# Visual Studio Version 16
VisualStudioVersion = 16.0.32510.428
MinimumVisualStudioVersion = 10.0.40219.1
Project("{FAE04EC0-301F-11D3-BF4B-00C04F79EFBC}") = "BigInt", "BigInteger\BigInt.csproj", "{27028DB5-81C8-4E9B-A76F-2C11BCBE7B14}"
EndProject
Global
	GlobalSection(SolutionConfigurationPlatforms) = preSolution
		Debug|Any CPU = Debug|Any CPU
		Release|Any CPU = Release|Any CPU
	EndGlobalSection
	GlobalSection(ProjectConfigurationPlatforms) = postSolution
		{27028DB5-81C8-4E9B-A76F-2C11BCBE7B14}.Debug|Any CPU.ActiveCfg = Debug|Any CPU
		{27028DB5-81C8-4E9B-A76F-2C11BCBE7B14}.Debug|Any CPU.Build.0 = Debug|Any CPU
		{27028DB5-81C8-4E9B-A76F-2C11BCBE7B14}.Release|Any CPU.ActiveCfg = Release|Any CPU
		{27028DB5-81C8-4E9B-A76F-2C11BCBE7B14}.Release|Any CPU.Build.0 = Release|Any CPU
	EndGlobalSection
	GlobalSection(SolutionProperties) = preSolution
		HideSolutionNode = FALSE
	EndGlobalSection
	GlobalSection(ExtensibilityGlobals) = postSolution
		SolutionGuid = {D132DB78-C7E6-4778-9DD8-D35E134AE19D}
	EndGlobalSection
EndGlobal
